lockfileVersion: '9.0'

settings:
  autoInstallPeers: true
  excludeLinksFromLockfile: false

importers:

  .:
    dependencies:
      '@solana-program/system':
        specifier: ^0.11.0
        version: 0.11.0(@solana/kit@6.0.1(fastestsmallesttextencoderdecoder@1.0.22)(typescript@5.9.3))
      '@solana-program/token-2022':
        specifier: ^0.9.0
        version: 0.9.0(@solana/kit@6.0.1(fastestsmallesttextencoderdecoder@1.0.22)(typescript@5.9.3))(@solana/sysvars@6.0.1(fastestsmallesttextencoderdecoder@1.0.22)(typescript@5.9.3))
      '@solana/kit':
        specifier: ^6.0.1
        version: 6.0.1(fastestsmallesttextencoderdecoder@1.0.22)(typescript@5.9.3)
    devDependencies:
      tsx:
        specifier: ^4.21.0
        version: 4.21.0

packages:

  '@esbuild/aix-ppc64@0.27.2':
    resolution: {integrity: sha512-GZMB+a0mOMZs4MpDbj8RJp4cw+w1WV5NYD6xzgvzUJ5Ek2jerwfO2eADyI6ExDSUED+1X8aMbegahsJi+8mgpw==}
    engines: {node: '>=18'}
    cpu: [ppc64]
    os: [aix]

  '@esbuild/android-arm64@0.27.2':
    resolution: {integrity: sha512-pvz8ZZ7ot/RBphf8fv60ljmaoydPU12VuXHImtAs0XhLLw+EXBi2BLe3OYSBslR4rryHvweW5gmkKFwTiFy6KA==}
    engines: {node: '>=18'}
    cpu: [arm64]
    os: [android]

  '@esbuild/android-arm@0.27.2':
    resolution: {integrity: sha512-DVNI8jlPa7Ujbr1yjU2PfUSRtAUZPG9I1RwW4F4xFB1Imiu2on0ADiI/c3td+KmDtVKNbi+nffGDQMfcIMkwIA==}
    engines: {node: '>=18'}
    cpu: [arm]
    os: [android]

  '@esbuild/android-x64@0.27.2':
    resolution: {integrity: sha512-z8Ank4Byh4TJJOh4wpz8g2vDy75zFL0TlZlkUkEwYXuPSgX8yzep596n6mT7905kA9uHZsf/o2OJZubl2l3M7A==}
    engines: {node: '>=18'}
    cpu: [x64]
    os: [android]

  '@esbuild/darwin-arm64@0.27.2':
    resolution: {integrity: sha512-davCD2Zc80nzDVRwXTcQP/28fiJbcOwvdolL0sOiOsbwBa72kegmVU0Wrh1MYrbuCL98Omp5dVhQFWRKR2ZAlg==}
    engines: {node: '>=18'}
    cpu: [arm64]
    os: [darwin]

  '@esbuild/darwin-x64@0.27.2':
    resolution: {integrity: sha512-ZxtijOmlQCBWGwbVmwOF/UCzuGIbUkqB1faQRf5akQmxRJ1ujusWsb3CVfk/9iZKr2L5SMU5wPBi1UWbvL+VQA==}
    engines: {node: '>=18'}
    cpu: [x64]
    os: [darwin]

  '@esbuild/freebsd-arm64@0.27.2':
    resolution: {integrity: sha512-lS/9CN+rgqQ9czogxlMcBMGd+l8Q3Nj1MFQwBZJyoEKI50XGxwuzznYdwcav6lpOGv5BqaZXqvBSiB/kJ5op+g==}
    engines: {node: '>=18'}
    cpu: [arm64]
    os: [freebsd]

  '@esbuild/freebsd-x64@0.27.2':
    resolution: {integrity: sha512-tAfqtNYb4YgPnJlEFu4c212HYjQWSO/w/h/lQaBK7RbwGIkBOuNKQI9tqWzx7Wtp7bTPaGC6MJvWI608P3wXYA==}
    engines: {node: '>=18'}
    cpu: [x64]
    os: [freebsd]

  '@esbuild/linux-arm64@0.27.2':
    resolution: {integrity: sha512-hYxN8pr66NsCCiRFkHUAsxylNOcAQaxSSkHMMjcpx0si13t1LHFphxJZUiGwojB1a/Hd5OiPIqDdXONia6bhTw==}
    engines: {node: '>=18'}
    cpu: [arm64]
    os: [linux]

  '@esbuild/linux-arm@0.27.2':
    resolution: {integrity: sha512-vWfq4GaIMP9AIe4yj1ZUW18RDhx6EPQKjwe7n8BbIecFtCQG4CfHGaHuh7fdfq+y3LIA2vGS/o9ZBGVxIDi9hw==}
    engines: {node: '>=18'}
    cpu: [arm]
    os: [linux]

  '@esbuild/linux-ia32@0.27.2':
    resolution: {integrity: sha512-MJt5BRRSScPDwG2hLelYhAAKh9imjHK5+NE/tvnRLbIqUWa+0E9N4WNMjmp/kXXPHZGqPLxggwVhz7QP8CTR8w==}
    engines: {node: '>=18'}
    cpu: [ia32]
    os: [linux]

  '@esbuild/linux-loong64@0.27.2':
    resolution: {integrity: sha512-lugyF1atnAT463aO6KPshVCJK5NgRnU4yb3FUumyVz+cGvZbontBgzeGFO1nF+dPueHD367a2ZXe1NtUkAjOtg==}
    engines: {node: '>=18'}
    cpu: [loong64]
    os: [linux]

  '@esbuild/linux-mips64el@0.27.2':
    resolution: {integrity: sha512-nlP2I6ArEBewvJ2gjrrkESEZkB5mIoaTswuqNFRv/WYd+ATtUpe9Y09RnJvgvdag7he0OWgEZWhviS1OTOKixw==}
    engines: {node: '>=18'}
    cpu: [mips64el]
    os: [linux]

  '@esbuild/linux-ppc64@0.27.2':
    resolution: {integrity: sha512-C92gnpey7tUQONqg1n6dKVbx3vphKtTHJaNG2Ok9lGwbZil6DrfyecMsp9CrmXGQJmZ7iiVXvvZH6Ml5hL6XdQ==}
    engines: {node: '>=18'}
    cpu: [ppc64]
    os: [linux]

  '@esbuild/linux-riscv64@0.27.2':
    resolution: {integrity: sha512-B5BOmojNtUyN8AXlK0QJyvjEZkWwy/FKvakkTDCziX95AowLZKR6aCDhG7LeF7uMCXEJqwa8Bejz5LTPYm8AvA==}
    engines: {node: '>=18'}
    cpu: [riscv64]
    os: [linux]

  '@esbuild/linux-s390x@0.27.2':
    resolution: {integrity: sha512-p4bm9+wsPwup5Z8f4EpfN63qNagQ47Ua2znaqGH6bqLlmJ4bx97Y9JdqxgGZ6Y8xVTixUnEkoKSHcpRlDnNr5w==}
    engines: {node: '>=18'}
    cpu: [s390x]
    os: [linux]

  '@esbuild/linux-x64@0.27.2':
    resolution: {integrity: sha512-uwp2Tip5aPmH+NRUwTcfLb+W32WXjpFejTIOWZFw/v7/KnpCDKG66u4DLcurQpiYTiYwQ9B7KOeMJvLCu/OvbA==}
    engines: {node: '>=18'}
    cpu: [x64]
    os: [linux]

  '@esbuild/netbsd-arm64@0.27.2':
    resolution: {integrity: sha512-Kj6DiBlwXrPsCRDeRvGAUb/LNrBASrfqAIok+xB0LxK8CHqxZ037viF13ugfsIpePH93mX7xfJp97cyDuTZ3cw==}
    engines: {node: '>=18'}
    cpu: [arm64]
    os: [netbsd]

  '@esbuild/netbsd-x64@0.27.2':
    resolution: {integrity: sha512-HwGDZ0VLVBY3Y+Nw0JexZy9o/nUAWq9MlV7cahpaXKW6TOzfVno3y3/M8Ga8u8Yr7GldLOov27xiCnqRZf0tCA==}
    engines: {node: '>=18'}
    cpu: [x64]
    os: [netbsd]

  '@esbuild/openbsd-arm64@0.27.2':
    resolution: {integrity: sha512-DNIHH2BPQ5551A7oSHD0CKbwIA/Ox7+78/AWkbS5QoRzaqlev2uFayfSxq68EkonB+IKjiuxBFoV8ESJy8bOHA==}
    engines: {node: '>=18'}
    cpu: [arm64]
    os: [openbsd]

  '@esbuild/openbsd-x64@0.27.2':
    resolution: {integrity: sha512-/it7w9Nb7+0KFIzjalNJVR5bOzA9Vay+yIPLVHfIQYG/j+j9VTH84aNB8ExGKPU4AzfaEvN9/V4HV+F+vo8OEg==}
    engines: {node: '>=18'}
    cpu: [x64]
    os: [openbsd]

  '@esbuild/openharmony-arm64@0.27.2':
    resolution: {integrity: sha512-LRBbCmiU51IXfeXk59csuX/aSaToeG7w48nMwA6049Y4J4+VbWALAuXcs+qcD04rHDuSCSRKdmY63sruDS5qag==}
    engines: {node: '>=18'}
    cpu: [arm64]
    os: [openharmony]

  '@esbuild/sunos-x64@0.27.2':
    resolution: {integrity: sha512-kMtx1yqJHTmqaqHPAzKCAkDaKsffmXkPHThSfRwZGyuqyIeBvf08KSsYXl+abf5HDAPMJIPnbBfXvP2ZC2TfHg==}
    engines: {node: '>=18'}
    cpu: [x64]
    os: [sunos]

  '@esbuild/win32-arm64@0.27.2':
    resolution: {integrity: sha512-Yaf78O/B3Kkh+nKABUF++bvJv5Ijoy9AN1ww904rOXZFLWVc5OLOfL56W+C8F9xn5JQZa3UX6m+IktJnIb1Jjg==}
    engines: {node: '>=18'}
    cpu: [arm64]
    os: [win32]

  '@esbuild/win32-ia32@0.27.2':
    resolution: {integrity: sha512-Iuws0kxo4yusk7sw70Xa2E2imZU5HoixzxfGCdxwBdhiDgt9vX9VUCBhqcwY7/uh//78A1hMkkROMJq9l27oLQ==}
    engines: {node: '>=18'}
    cpu: [ia32]
    os: [win32]

  '@esbuild/win32-x64@0.27.2':
    resolution: {integrity: sha512-sRdU18mcKf7F+YgheI/zGf5alZatMUTKj/jNS6l744f9u3WFu4v7twcUI9vu4mknF4Y9aDlblIie0IM+5xxaqQ==}
    engines: {node: '>=18'}
    cpu: [x64]
    os: [win32]

  '@solana-program/system@0.11.0':
    resolution: {integrity: sha512-SJeQVTkqGZzIXd7XHlCxnfpKpvPZghB1IFwddPPG04ydVXtDLRWp9wLoTR5Prkl9FIWRe/c5VgT4nxyzW1cAuQ==}
    peerDependencies:
      '@solana/kit': ^6.0.0

  '@solana-program/token-2022@0.9.0':
    resolution: {integrity: sha512-j8fPBc/oUApYF7aW0ub6cIV7dbbtXC+Y6oDcI9SUs6BXXSq+lj7p7XRU+GEH8qWfyQ5ziRiOLI9s2AZjJY1Icg==}
    peerDependencies:
      '@solana/kit': ^6.0.0
      '@solana/sysvars': ^5.0

  '@solana/accounts@6.0.1':
    resolution: {integrity: sha512-wdW2KI31jeAIyryL2hLytu+bmIbfKBPkO2Qsu7DO80m2pqOVVOGQ0L0wIqFdNXZN7Eu/FVTY8sh6gqF9bnf5LQ==}
    engines: {node: '>=20.18.0'}
    peerDependencies:
      typescript: ^5.0.0
    peerDependenciesMeta:
      typescript:
        optional: true

  '@solana/addresses@6.0.1':
    resolution: {integrity: sha512-i/7JuTZF1MInCulP8/+aK9khKcDgjTrqqEl3wRmg6Kk/Dq+rOBrjXggLf3bEtGSWV53iH0NGDQt+psUNFd5Reg==}
    engines: {node: '>=20.18.0'}
    peerDependencies:
      typescript: ^5.0.0
    peerDependenciesMeta:
      typescript:
        optional: true

  '@solana/assertions@6.0.1':
    resolution: {integrity: sha512-Fnk0PCxjeNLDrsRQX+DRS3HnN5PRYQedosmtqx0/xK2CIB4lG/4coK/IdoL6i8/yS4EcKq8gNcMfH4fkmaMfLQ==}
    engines: {node: '>=20.18.0'}
    peerDependencies:
      typescript: ^5.0.0
    peerDependenciesMeta:
      typescript:
        optional: true

  '@solana/codecs-core@6.0.1':
    resolution: {integrity: sha512-OnUQk94qfvfE0nVveZ638aNUL3tyRJoorUFiAG0ICTGUo3c6fkYb8vH23o/5O2qmuSmYND1sn+UCaldNMVkFpg==}
    engines: {node: '>=20.18.0'}
    peerDependencies:
      typescript: ^5.0.0
    peerDependenciesMeta:
      typescript:
        optional: true

  '@solana/codecs-data-structures@6.0.1':
    resolution: {integrity: sha512-ImPGi5wtpca0gLaD9dJGj29z6GMU8tCYjqnmTc5Lyh5S80iCz9wNlwT1/VvPM6gqeIOFVx8bM9H1iljQ7MuCMw==}
    engines: {node: '>=20.18.0'}
    peerDependencies:
      typescript: ^5.0.0
    peerDependenciesMeta:
      typescript:
        optional: true

  '@solana/codecs-numbers@6.0.1':
    resolution: {integrity: sha512-ZrI1NjUsf4I+Klue/2rlQbZLcGRom/G2E4VB/8x4IEHGOeFLQhXcxmnib8kdgomQRYOzF1BjVDmCYxvZr+6AWA==}
    engines: {node: '>=20.18.0'}
    peerDependencies:
      typescript: ^5.0.0
    peerDependenciesMeta:
      typescript:
        optional: true

  '@solana/codecs-strings@6.0.1':
    resolution: {integrity: sha512-OmMIfMFbbJVIxveBeATKCj9DsmZ8l4vJPnOLHUop0hLWRiYHTQ1qokMqfk/X8PCmUjXmbXnlp63BikGtdKN3/g==}
    engines: {node: '>=20.18.0'}
    peerDependencies:
      fastestsmallesttextencoderdecoder: ^1.0.22
      typescript: ^5.0.0
    peerDependenciesMeta:
      fastestsmallesttextencoderdecoder:
        optional: true
      typescript:
        optional: true

  '@solana/codecs@6.0.1':
    resolution: {integrity: sha512-xNL69WA50fCMItk3zXA7UMDHVMDyW9paL32wwxzL++sv7txfgma3UIAxP90tn9GBMwjPTB74hI6ook1mA2DhTQ==}
    engines: {node: '>=20.18.0'}
    peerDependencies:
      typescript: ^5.0.0
    peerDependenciesMeta:
      typescript:
        optional: true

  '@solana/errors@6.0.1':
    resolution: {integrity: sha512-sMe5GCsXto8F1KDeq9GbZR0+m841SqEYep3NAcYlC0lqF2RG4giaaPQHgrWI5DJR/L7yc8FzUIQfTxnaN7bwOQ==}
    engines: {node: '>=20.18.0'}
    hasBin: true
    peerDependencies:
      typescript: ^5.0.0
    peerDependenciesMeta:
      typescript:
        optional: true

  '@solana/fast-stable-stringify@6.0.1':
    resolution: {integrity: sha512-60F0TaKm+mbIfsj94TaPgO2mbKtXVYyELC1Kf8YoRo9jIQSXVGXdljXR1UzqSxrN6V4Ueyx3RE5jW9fAIzQZ/A==}
    engines: {node: '>=20.18.0'}
    peerDependencies:
      typescript: ^5.0.0
    peerDependenciesMeta:
      typescript:
        optional: true

  '@solana/functional@6.0.1':
    resolution: {integrity: sha512-qHPw87tCf4Kq4H9cpH6XV/C1wKJzSj0OQ8t+BqbFxvpX+c7svSRUY/It2gJOAcJd9f9hduQ3ZrqARXOU7aILvw==}
    engines: {node: '>=20.18.0'}
    peerDependencies:
      typescript: ^5.0.0
    peerDependenciesMeta:
      typescript:
        optional: true

  '@solana/instruction-plans@6.0.1':
    resolution: {integrity: sha512-aEwCfksUxVgcrOGnDJmmIp4phYn+DpOeS0fq7v3uteBu7T7lkwW+EJCu2iT1j1VLxcjDuPf243pNBp5GR13+yw==}
    engines: {node: '>=20.18.0'}
    peerDependencies:
      typescript: ^5.0.0
    peerDependenciesMeta:
      typescript:
        optional: true

  '@solana/instructions@6.0.1':
    resolution: {integrity: sha512-qNTc3GrmiesN2x27Ap8qhKKn9vIocz/1Dc/Am7hiYU4TFiKtuj34TARyDa5VVbLGKRY5vZCpNsX2jqVx2V0lSQ==}
    engines: {node: '>=20.18.0'}
    peerDependencies:
      typescript: ^5.0.0
    peerDependenciesMeta:
      typescript:
        optional: true

  '@solana/keys@6.0.1':
    resolution: {integrity: sha512-naN3yRzN2VDJUgdcrxwsObr2ik8MV2brOI/MLrOWDUW8nlVfcs4OC7mB/HC1hYd60DT0rsP18P33Gjd8juknYw==}
    engines: {node: '>=20.18.0'}
    peerDependencies:
      typescript: ^5.0.0
    peerDependenciesMeta:
      typescript:
        optional: true

  '@solana/kit@6.0.1':
    resolution: {integrity: sha512-zCU5URMgkCgL5hZOxjIzhAD7SjqVAJN4sbpyC4MatxbXE/NGoabPc4I2y5STrXsZLokQD0t4KZ1zs9v5M8Ylag==}
    engines: {node: '>=20.18.0'}
    peerDependencies:
      typescript: ^5.0.0
    peerDependenciesMeta:
      typescript:
        optional: true

  '@solana/nominal-types@6.0.1':
    resolution: {integrity: sha512-2/1loP3iHgLQIaeksrDPNL2be2zboKbsF2EKDAt7zqbiDCOsPY9Kgdq50WJGGileIXD0v7yincq6UTdOLcaR8Q==}
    engines: {node: '>=20.18.0'}
    peerDependencies:
      typescript: ^5.0.0
    peerDependenciesMeta:
      typescript:
        optional: true

  '@solana/offchain-messages@6.0.1':
    resolution: {integrity: sha512-lwpNl+kusH2v5nLgUfwxme66uDonCn8+TqzYqJeENolaAbV0nnF8rV4ZHjfFs1Bc/3UG+TxrI0WYvRI+B5nVBA==}
    engines: {node: '>=20.18.0'}
    peerDependencies:
      typescript: ^5.0.0
    peerDependenciesMeta:
      typescript:
        optional: true

  '@solana/options@6.0.1':
    resolution: {integrity: sha512-ld13WWyMgicU8FkN6dNOmMJgVaV0uqU8HDQRJCfClsPl0v2TQ1t3aOYHkxpYfX+OvBjja1x2v2wflqJgUHKS+Q==}
    engines: {node: '>=20.18.0'}
    peerDependencies:
      typescript: ^5.0.0
    peerDependenciesMeta:
      typescript:
        optional: true

  '@solana/plugin-core@6.0.1':
    resolution: {integrity: sha512-mrVb6cf/HurU93z2bgCOoRxWuZWF/fWzIK+v7YMl9t8aKHhGdB4/iElXvPwGoArapZJaAe7dRqHgCJvYRPFvCg==}
    engines: {node: '>=20.18.0'}
    peerDependencies:
      typescript: ^5.0.0
    peerDependenciesMeta:
      typescript:
        optional: true

  '@solana/programs@6.0.1':
    resolution: {integrity: sha512-eKsSVuADG/bzTu66iwhJctbIEQQLZVnD/kx98gtPAuNG6Z1WjMXO8tn6EYLn3ndc5yS+oeNSQBV6z3ozL+gTkQ==}
    engines: {node: '>=20.18.0'}
    peerDependencies:
      typescript: ^5.0.0
    peerDependenciesMeta:
      typescript:
        optional: true

  '@solana/promises@6.0.1':
    resolution: {integrity: sha512-6W8yFBtjhwy8Gn7aagXBUjiQejpa+ENgqot2uy3LACQPQMCnd+TwZk9Pggnm5+Q12rm+d9bMvAa4110eoXR0Bw==}
    engines: {node: '>=20.18.0'}
    peerDependencies:
      typescript: ^5.0.0
    peerDependenciesMeta:
      typescript:
        optional: true

  '@solana/rpc-api@6.0.1':
    resolution: {integrity: sha512-lCXPGHx2eF8wl0kdpuDLWX44vdDaTcPTAD9hCIsHQFLWeahJDarieoOacaAuse6TsRtGaPExBvbW6Da555Lnaw==}
    engines: {node: '>=20.18.0'}
    peerDependencies:
      typescript: ^5.0.0
    peerDependenciesMeta:
      typescript:
        optional: true

  '@solana/rpc-parsed-types@6.0.1':
    resolution: {integrity: sha512-2CnWhtJuiOgefU3EerwM1bg/OvmLJTMBUuGiSVoVAr7WfGjUXcoRa3mNO0HUDDoRo2gZwM/8BaFzhiRSbamsmQ==}
    engines: {node: '>=20.18.0'}
    peerDependencies:
      typescript: ^5.0.0
    peerDependenciesMeta:
      typescript:
        optional: true

  '@solana/rpc-spec-types@6.0.1':
    resolution: {integrity: sha512-dosqI9gWs5Cz5T9Uanu4FkMkBN7AD6bRVw0YDIkalRcpC50Ak2iP48fJKArw3lh/phjcxEBVQxY3XeKEVGZP7Q==}
    engines: {node: '>=20.18.0'}
    peerDependencies:
      typescript: ^5.0.0
    peerDependenciesMeta:
      typescript:
        optional: true

  '@solana/rpc-spec@6.0.1':
    resolution: {integrity: sha512-SfZZUCbpiKNHsIAYq9WKd6PhnpXkH8ASRIda9KMkpFtTVg1thm4sA/A/Jpk8vJDpUVvzYLBVblNHQWqwRiRxAA==}
    engines: {node: '>=20.18.0'}
    peerDependencies:
      typescript: ^5.0.0
    peerDependenciesMeta:
      typescript:
        optional: true

  '@solana/rpc-subscriptions-api@6.0.1':
    resolution: {integrity: sha512-yj6niyZ6jqwg4u4oi55gDPzDNwXdgGBuu1zVfUnD6auCavDl4OxziUEtRIQ3NURJZa5kjTqQ48TuR0tD55vfiA==}
    engines: {node: '>=20.18.0'}
    peerDependencies:
      typescript: ^5.0.0
    peerDependenciesMeta:
      typescript:
        optional: true

  '@solana/rpc-subscriptions-channel-websocket@6.0.1':
    resolution: {integrity: sha512-lxjfG+krZF8np69SQyRbmQL8jYNV/G69Ak782GYYfkEdAYztFs9OOQMgZNuciIgUlQAcXWWkNjJ6GhIbisg9NA==}
    engines: {node: '>=20.18.0'}
    peerDependencies:
      typescript: ^5.0.0
    peerDependenciesMeta:
      typescript:
        optional: true

  '@solana/rpc-subscriptions-spec@6.0.1':
    resolution: {integrity: sha512-FhZOXpP71R5y7q0TEvAFNJ+WmxIJUfhQicgae71WQtaiw+vM/dFnT/AL3I9rRBVzF0UQ7wIeqkuVKltdJEdzqQ==}
    engines: {node: '>=20.18.0'}
    peerDependencies:
      typescript: ^5.0.0
    peerDependenciesMeta:
      typescript:
        optional: true

  '@solana/rpc-subscriptions@6.0.1':
    resolution: {integrity: sha512-h2LXD8PiXPZca3vtECmUSEzLjc5m6EswgnJcq+HtJqA0M+xINFRl8mL6yS5D2d1Cf7sl/CwU/7935GJ8uLFeJA==}
    engines: {node: '>=20.18.0'}
    peerDependencies:
      typescript: ^5.0.0
    peerDependenciesMeta:
      typescript:
        optional: true

  '@solana/rpc-transformers@6.0.1':
    resolution: {integrity: sha512-tkyTh5jwK/IZV+jI4plFttG1l43g47YB/laFtxYvu8OZx5RTCljryPh5RamjxGAhFk3w6xnLZJbc3MBk8VrPsQ==}
    engines: {node: '>=20.18.0'}
    peerDependencies:
      typescript: ^5.0.0
    peerDependenciesMeta:
      typescript:
        optional: true

  '@solana/rpc-transport-http@6.0.1':
    resolution: {integrity: sha512-l9TOpQq4cSIhReyzLJb7j+03YaUDClDJOzJr7ZQSo1fqt7Ww6C5+dKOVIUUu6tg9AOO8mCA0QVT/rFmZ9ZjhiQ==}
    engines: {node: '>=20.18.0'}
    peerDependencies:
      typescript: ^5.0.0
    peerDependenciesMeta:
      typescript:
        optional: true

  '@solana/rpc-types@6.0.1':
    resolution: {integrity: sha512-40nXhThKNzh0ih2Pd8ACsIKPgVaP/6OqbLfgcZxPjZ10XjhjMy9crwW1ZF0EPhK8uo+bs9gtztl9OVWWgYYrNQ==}
    engines: {node: '>=20.18.0'}
    peerDependencies:
      typescript: ^5.0.0
    peerDependenciesMeta:
      typescript:
        optional: true

  '@solana/rpc@6.0.1':
    resolution: {integrity: sha512-fuRnm1SNcRLWii6N3WeJL8LSJJDEVEdS+ZDXclUWAPXUccl6wGb99/1tHWeOOwczgk9nmWoTYY9XeOLJt88HSg==}
    engines: {node: '>=20.18.0'}
    peerDependencies:
      typescript: ^5.0.0
    peerDependenciesMeta:
      typescript:
        optional: true

  '@solana/signers@6.0.1':
    resolution: {integrity: sha512-iby4CGjk4pBNqytpyyPK2IGZ8/BMcrdtubVCuSYze2DJE3RdrPkuhVv2A6A6Cfk/0DPfUkqZQtTNMxCOj6oCbw==}
    engines: {node: '>=20.18.0'}
    peerDependencies:
      typescript: ^5.0.0
    peerDependenciesMeta:
      typescript:
        optional: true

  '@solana/subscribable@6.0.1':
    resolution: {integrity: sha512-GGXvRVzOAJlbGwwgOHbcxwT8lILkgrlHYO72ChkG8IbJWq7eTi1+Uz3TQTsXtC923dZ2XHLqp+aHl7Kx3L3ENg==}
    engines: {node: '>=20.18.0'}
    peerDependencies:
      typescript: ^5.0.0
    peerDependenciesMeta:
      typescript:
        optional: true

  '@solana/sysvars@6.0.1':
    resolution: {integrity: sha512-fSMasRQUfbzrhZ3t0XdVpwIezHRelPx3ZxkqyUy8Lx/90YzR1kxaJpmNS7c1pBV60scdiJVQ4vXQtetKxIgRVQ==}
    engines: {node: '>=20.18.0'}
    peerDependencies:
      typescript: ^5.0.0
    peerDependenciesMeta:
      typescript:
        optional: true

  '@solana/transaction-confirmation@6.0.1':
    resolution: {integrity: sha512-x0sXnS75xwchAtQU0UbQ7wBQoWqgUQkn0G4DKQMEGllWGRsJFvpQzuUqAgh5fNhe2sMt8+4QdQHrI01zUNDDtQ==}
    engines: {node: '>=20.18.0'}
    peerDependencies:
      typescript: ^5.0.0
    peerDependenciesMeta:
      typescript:
        optional: true

  '@solana/transaction-messages@6.0.1':
    resolution: {integrity: sha512-lpSyXsFPMCDo5Vf0LLsdj5+WyYxUD+8WEMWuVDYiG/7e8fVjLEsZ6k/UpvyI7ZJnkMhfwEa3DRAubNDH1Biafg==}
    engines: {node: '>=20.18.0'}
    peerDependencies:
      typescript: ^5.0.0
    peerDependenciesMeta:
      typescript:
        optional: true

  '@solana/transactions@6.0.1':
    resolution: {integrity: sha512-VLFug8oKCpEyZv/mMMnQIraupXwMUzO4KzA/kGBHbUnCX95K7UFpc07AFc1nXGbo1jBBO4e+O2cnVWg097Yz0A==}
    engines: {node: '>=20.18.0'}
    peerDependencies:
      typescript: ^5.0.0
    peerDependenciesMeta:
      typescript:
        optional: true

  chalk@5.6.2:
    resolution: {integrity: sha512-7NzBL0rN6fMUW+f7A6Io4h40qQlG+xGmtMxfbnH/K7TAtt8JQWVQK+6g0UXKMeVJoyV5EkkNsErQ8pVD3bLHbA==}
    engines: {node: ^12.17.0 || ^14.13 || >=16.0.0}

  commander@14.0.3:
    resolution: {integrity: sha512-H+y0Jo/T1RZ9qPP4Eh1pkcQcLRglraJaSLoyOtHxu6AapkjWVCy2Sit1QQ4x3Dng8qDlSsZEet7g5Pq06MvTgw==}
    engines: {node: '>=20'}

  esbuild@0.27.2:
    resolution: {integrity: sha512-HyNQImnsOC7X9PMNaCIeAm4ISCQXs5a5YasTXVliKv4uuBo1dKrG0A+uQS8M5eXjVMnLg3WgXaKvprHlFJQffw==}
    engines: {node: '>=18'}
    hasBin: true

  fastestsmallesttextencoderdecoder@1.0.22:
    resolution: {integrity: sha512-Pb8d48e+oIuY4MaM64Cd7OW1gt4nxCHs7/ddPPZ/Ic3sg8yVGM7O9wDvZ7us6ScaUupzM+pfBolwtYhN1IxBIw==}

  fsevents@2.3.3:
    resolution: {integrity: sha512-5xoDfX+fL7faATnagmWPpbFtwh/R77WmMMqqHGS65C3vvB0YHrgF+B1YmZ3441tMj5n63k0212XNoJwzlhffQw==}
    engines: {node: ^8.16.0 || ^10.6.0 || >=11.0.0}
    os: [darwin]

  get-tsconfig@4.13.1:
    resolution: {integrity: sha512-EoY1N2xCn44xU6750Sx7OjOIT59FkmstNc3X6y5xpz7D5cBtZRe/3pSlTkDJgqsOk3WwZPkWfonhhUJfttQo3w==}

  resolve-pkg-maps@1.0.0:
    resolution: {integrity: sha512-seS2Tj26TBVOC2NIc2rOe2y2ZO7efxITtLZcGSOnHHNOQ7CkiUBfw0Iw2ck6xkIhPwLhKNLS8BO+hEpngQlqzw==}

  tsx@4.21.0:
    resolution: {integrity: sha512-5C1sg4USs1lfG0GFb2RLXsdpXqBSEhAaA/0kPL01wxzpMqLILNxIxIOKiILz+cdg/pLnOUxFYOR5yhHU666wbw==}
    engines: {node: '>=18.0.0'}
    hasBin: true

  typescript@5.9.3:
    resolution: {integrity: sha512-jl1vZzPDinLr9eUt3J/t7V6FgNEw9QjvBPdysz9KfQDD41fQrC2Y4vKQdiaUpFT4bXlb1RHhLpp8wtm6M5TgSw==}
    engines: {node: '>=14.17'}
    hasBin: true

  undici-types@7.20.0:
    resolution: {integrity: sha512-PZDAAlMkNw5ZzN/ebfyrwzrMWfIf7Jbn9iM/I6SF456OKrb2wnfqVowaxEY/cMAM8MjFu1zhdpJyA0L+rTYwNw==}

  ws@8.19.0:
    resolution: {integrity: sha512-blAT2mjOEIi0ZzruJfIhb3nps74PRWTCz1IjglWEEpQl5XS/UNama6u2/rjFkDDouqr4L67ry+1aGIALViWjDg==}
    engines: {node: '>=10.0.0'}
    peerDependencies:
      bufferutil: ^4.0.1
      utf-8-validate: '>=5.0.2'
    peerDependenciesMeta:
      bufferutil:
        optional: true
      utf-8-validate:
        optional: true

snapshots:

  '@esbuild/aix-ppc64@0.27.2':
    optional: true

  '@esbuild/android-arm64@0.27.2':
    optional: true

  '@esbuild/android-arm@0.27.2':
    optional: true

  '@esbuild/android-x64@0.27.2':
    optional: true

  '@esbuild/darwin-arm64@0.27.2':
    optional: true

  '@esbuild/darwin-x64@0.27.2':
    optional: true

  '@esbuild/freebsd-arm64@0.27.2':
    optional: true

  '@esbuild/freebsd-x64@0.27.2':
    optional: true

  '@esbuild/linux-arm64@0.27.2':
    optional: true

  '@esbuild/linux-arm@0.27.2':
    optional: true

  '@esbuild/linux-ia32@0.27.2':
    optional: true

  '@esbuild/linux-loong64@0.27.2':
    optional: true

  '@esbuild/linux-mips64el@0.27.2':
    optional: true

  '@esbuild/linux-ppc64@0.27.2':
    optional: true

  '@esbuild/linux-riscv64@0.27.2':
    optional: true

  '@esbuild/linux-s390x@0.27.2':
    optional: true

  '@esbuild/linux-x64@0.27.2':
    optional: true

  '@esbuild/netbsd-arm64@0.27.2':
    optional: true

  '@esbuild/netbsd-x64@0.27.2':
    optional: true

  '@esbuild/openbsd-arm64@0.27.2':
    optional: true

  '@esbuild/openbsd-x64@0.27.2':
    optional: true

  '@esbuild/openharmony-arm64@0.27.2':
    optional: true

  '@esbuild/sunos-x64@0.27.2':
    optional: true

  '@esbuild/win32-arm64@0.27.2':
    optional: true

  '@esbuild/win32-ia32@0.27.2':
    optional: true

  '@esbuild/win32-x64@0.27.2':
    optional: true

  '@solana-program/system@0.11.0(@solana/kit@6.0.1(fastestsmallesttextencoderdecoder@1.0.22)(typescript@5.9.3))':
    dependencies:
      '@solana/kit': 6.0.1(fastestsmallesttextencoderdecoder@1.0.22)(typescript@5.9.3)

  '@solana-program/token-2022@0.9.0(@solana/kit@6.0.1(fastestsmallesttextencoderdecoder@1.0.22)(typescript@5.9.3))(@solana/sysvars@6.0.1(fastestsmallesttextencoderdecoder@1.0.22)(typescript@5.9.3))':
    dependencies:
      '@solana/kit': 6.0.1(fastestsmallesttextencoderdecoder@1.0.22)(typescript@5.9.3)
      '@solana/sysvars': 6.0.1(fastestsmallesttextencoderdecoder@1.0.22)(typescript@5.9.3)

  '@solana/accounts@6.0.1(fastestsmallesttextencoderdecoder@1.0.22)(typescript@5.9.3)':
    dependencies:
      '@solana/addresses': 6.0.1(fastestsmallesttextencoderdecoder@1.0.22)(typescript@5.9.3)
      '@solana/codecs-core': 6.0.1(typescript@5.9.3)
      '@solana/codecs-strings': 6.0.1(fastestsmallesttextencoderdecoder@1.0.22)(typescript@5.9.3)
      '@solana/errors': 6.0.1(typescript@5.9.3)
      '@solana/rpc-spec': 6.0.1(typescript@5.9.3)
      '@solana/rpc-types': 6.0.1(fastestsmallesttextencoderdecoder@1.0.22)(typescript@5.9.3)
    optionalDependencies:
      typescript: 5.9.3
    transitivePeerDependencies:
      - fastestsmallesttextencoderdecoder

  '@solana/addresses@6.0.1(fastestsmallesttextencoderdecoder@1.0.22)(typescript@5.9.3)':
    dependencies:
      '@solana/assertions': 6.0.1(typescript@5.9.3)
      '@solana/codecs-core': 6.0.1(typescript@5.9.3)
      '@solana/codecs-strings': 6.0.1(fastestsmallesttextencoderdecoder@1.0.22)(typescript@5.9.3)
      '@solana/errors': 6.0.1(typescript@5.9.3)
      '@solana/nominal-types': 6.0.1(typescript@5.9.3)
    optionalDependencies:
      typescript: 5.9.3
    transitivePeerDependencies:
      - fastestsmallesttextencoderdecoder

  '@solana/assertions@6.0.1(typescript@5.9.3)':
    dependencies:
      '@solana/errors': 6.0.1(typescript@5.9.3)
    optionalDependencies:
      typescript: 5.9.3

  '@solana/codecs-core@6.0.1(typescript@5.9.3)':
    dependencies:
      '@solana/errors': 6.0.1(typescript@5.9.3)
    optionalDependencies:
      typescript: 5.9.3

  '@solana/codecs-data-structures@6.0.1(typescript@5.9.3)':
    dependencies:
      '@solana/codecs-core': 6.0.1(typescript@5.9.3)
      '@solana/codecs-numbers': 6.0.1(typescript@5.9.3)
      '@solana/errors': 6.0.1(typescript@5.9.3)
    optionalDependencies:
      typescript: 5.9.3

  '@solana/codecs-numbers@6.0.1(typescript@5.9.3)':
    dependencies:
      '@solana/codecs-core': 6.0.1(typescript@5.9.3)
      '@solana/errors': 6.0.1(typescript@5.9.3)
    optionalDependencies:
      typescript: 5.9.3

  '@solana/codecs-strings@6.0.1(fastestsmallesttextencoderdecoder@1.0.22)(typescript@5.9.3)':
    dependencies:
      '@solana/codecs-core': 6.0.1(typescript@5.9.3)
      '@solana/codecs-numbers': 6.0.1(typescript@5.9.3)
      '@solana/errors': 6.0.1(typescript@5.9.3)
    optionalDependencies:
      fastestsmallesttextencoderdecoder: 1.0.22
      typescript: 5.9.3

  '@solana/codecs@6.0.1(fastestsmallesttextencoderdecoder@1.0.22)(typescript@5.9.3)':
    dependencies:
      '@solana/codecs-core': 6.0.1(typescript@5.9.3)
      '@solana/codecs-data-structures': 6.0.1(typescript@5.9.3)
      '@solana/codecs-numbers': 6.0.1(typescript@5.9.3)
      '@solana/codecs-strings': 6.0.1(fastestsmallesttextencoderdecoder@1.0.22)(typescript@5.9.3)
      '@solana/options': 6.0.1(fastestsmallesttextencoderdecoder@1.0.22)(typescript@5.9.3)
    optionalDependencies:
      typescript: 5.9.3
    transitivePeerDependencies:
      - fastestsmallesttextencoderdecoder

  '@solana/errors@6.0.1(typescript@5.9.3)':
    dependencies:
      chalk: 5.6.2
      commander: 14.0.3
    optionalDependencies:
      typescript: 5.9.3

  '@solana/fast-stable-stringify@6.0.1(typescript@5.9.3)':
    optionalDependencies:
      typescript: 5.9.3

  '@solana/functional@6.0.1(typescript@5.9.3)':
    optionalDependencies:
      typescript: 5.9.3

  '@solana/instruction-plans@6.0.1(fastestsmallesttextencoderdecoder@1.0.22)(typescript@5.9.3)':
    dependencies:
      '@solana/errors': 6.0.1(typescript@5.9.3)
      '@solana/instructions': 6.0.1(typescript@5.9.3)
      '@solana/keys': 6.0.1(fastestsmallesttextencoderdecoder@1.0.22)(typescript@5.9.3)
      '@solana/promises': 6.0.1(typescript@5.9.3)
      '@solana/transaction-messages': 6.0.1(fastestsmallesttextencoderdecoder@1.0.22)(typescript@5.9.3)
      '@solana/transactions': 6.0.1(fastestsmallesttextencoderdecoder@1.0.22)(typescript@5.9.3)
    optionalDependencies:
      typescript: 5.9.3
    transitivePeerDependencies:
      - fastestsmallesttextencoderdecoder

  '@solana/instructions@6.0.1(typescript@5.9.3)':
    dependencies:
      '@solana/codecs-core': 6.0.1(typescript@5.9.3)
      '@solana/errors': 6.0.1(typescript@5.9.3)
    optionalDependencies:
      typescript: 5.9.3

  '@solana/keys@6.0.1(fastestsmallesttextencoderdecoder@1.0.22)(typescript@5.9.3)':
    dependencies:
      '@solana/assertions': 6.0.1(typescript@5.9.3)
      '@solana/codecs-core': 6.0.1(typescript@5.9.3)
      '@solana/codecs-strings': 6.0.1(fastestsmallesttextencoderdecoder@1.0.22)(typescript@5.9.3)
      '@solana/errors': 6.0.1(typescript@5.9.3)
      '@solana/nominal-types': 6.0.1(typescript@5.9.3)
    optionalDependencies:
      typescript: 5.9.3
    transitivePeerDependencies:
      - fastestsmallesttextencoderdecoder

  '@solana/kit@6.0.1(fastestsmallesttextencoderdecoder@1.0.22)(typescript@5.9.3)':
    dependencies:
      '@solana/accounts': 6.0.1(fastestsmallesttextencoderdecoder@1.0.22)(typescript@5.9.3)
      '@solana/addresses': 6.0.1(fastestsmallesttextencoderdecoder@1.0.22)(typescript@5.9.3)
      '@solana/codecs': 6.0.1(fastestsmallesttextencoderdecoder@1.0.22)(typescript@5.9.3)
      '@solana/errors': 6.0.1(typescript@5.9.3)
      '@solana/functional': 6.0.1(typescript@5.9.3)
      '@solana/instruction-plans': 6.0.1(fastestsmallesttextencoderdecoder@1.0.22)(typescript@5.9.3)
      '@solana/instructions': 6.0.1(typescript@5.9.3)
      '@solana/keys': 6.0.1(fastestsmallesttextencoderdecoder@1.0.22)(typescript@5.9.3)
      '@solana/offchain-messages': 6.0.1(fastestsmallesttextencoderdecoder@1.0.22)(typescript@5.9.3)
      '@solana/plugin-core': 6.0.1(typescript@5.9.3)
      '@solana/programs': 6.0.1(fastestsmallesttextencoderdecoder@1.0.22)(typescript@5.9.3)
      '@solana/rpc': 6.0.1(fastestsmallesttextencoderdecoder@1.0.22)(typescript@5.9.3)
      '@solana/rpc-api': 6.0.1(fastestsmallesttextencoderdecoder@1.0.22)(typescript@5.9.3)
      '@solana/rpc-parsed-types': 6.0.1(typescript@5.9.3)
      '@solana/rpc-spec-types': 6.0.1(typescript@5.9.3)
      '@solana/rpc-subscriptions': 6.0.1(fastestsmallesttextencoderdecoder@1.0.22)(typescript@5.9.3)
      '@solana/rpc-types': 6.0.1(fastestsmallesttextencoderdecoder@1.0.22)(typescript@5.9.3)
      '@solana/signers': 6.0.1(fastestsmallesttextencoderdecoder@1.0.22)(typescript@5.9.3)
      '@solana/sysvars': 6.0.1(fastestsmallesttextencoderdecoder@1.0.22)(typescript@5.9.3)
      '@solana/transaction-confirmation': 6.0.1(fastestsmallesttextencoderdecoder@1.0.22)(typescript@5.9.3)
      '@solana/transaction-messages': 6.0.1(fastestsmallesttextencoderdecoder@1.0.22)(typescript@5.9.3)
      '@solana/transactions': 6.0.1(fastestsmallesttextencoderdecoder@1.0.22)(typescript@5.9.3)
    optionalDependencies:
      typescript: 5.9.3
    transitivePeerDependencies:
      - bufferutil
      - fastestsmallesttextencoderdecoder
      - utf-8-validate

  '@solana/nominal-types@6.0.1(typescript@5.9.3)':
    optionalDependencies:
      typescript: 5.9.3

  '@solana/offchain-messages@6.0.1(fastestsmallesttextencoderdecoder@1.0.22)(typescript@5.9.3)':
    dependencies:
      '@solana/addresses': 6.0.1(fastestsmallesttextencoderdecoder@1.0.22)(typescript@5.9.3)
      '@solana/codecs-core': 6.0.1(typescript@5.9.3)
      '@solana/codecs-data-structures': 6.0.1(typescript@5.9.3)
      '@solana/codecs-numbers': 6.0.1(typescript@5.9.3)
      '@solana/codecs-strings': 6.0.1(fastestsmallesttextencoderdecoder@1.0.22)(typescript@5.9.3)
      '@solana/errors': 6.0.1(typescript@5.9.3)
      '@solana/keys': 6.0.1(fastestsmallesttextencoderdecoder@1.0.22)(typescript@5.9.3)
      '@solana/nominal-types': 6.0.1(typescript@5.9.3)
    optionalDependencies:
      typescript: 5.9.3
    transitivePeerDependencies:
      - fastestsmallesttextencoderdecoder

  '@solana/options@6.0.1(fastestsmallesttextencoderdecoder@1.0.22)(typescript@5.9.3)':
    dependencies:
      '@solana/codecs-core': 6.0.1(typescript@5.9.3)
      '@solana/codecs-data-structures': 6.0.1(typescript@5.9.3)
      '@solana/codecs-numbers': 6.0.1(typescript@5.9.3)
      '@solana/codecs-strings': 6.0.1(fastestsmallesttextencoderdecoder@1.0.22)(typescript@5.9.3)
      '@solana/errors': 6.0.1(typescript@5.9.3)
    optionalDependencies:
      typescript: 5.9.3
    transitivePeerDependencies:
      - fastestsmallesttextencoderdecoder

  '@solana/plugin-core@6.0.1(typescript@5.9.3)':
    optionalDependencies:
      typescript: 5.9.3

  '@solana/programs@6.0.1(fastestsmallesttextencoderdecoder@1.0.22)(typescript@5.9.3)':
    dependencies:
      '@solana/addresses': 6.0.1(fastestsmallesttextencoderdecoder@1.0.22)(typescript@5.9.3)
      '@solana/errors': 6.0.1(typescript@5.9.3)
    optionalDependencies:
      typescript: 5.9.3
    transitivePeerDependencies:
      - fastestsmallesttextencoderdecoder

  '@solana/promises@6.0.1(typescript@5.9.3)':
    optionalDependencies:
      typescript: 5.9.3

  '@solana/rpc-api@6.0.1(fastestsmallesttextencoderdecoder@1.0.22)(typescript@5.9.3)':
    dependencies:
      '@solana/addresses': 6.0.1(fastestsmallesttextencoderdecoder@1.0.22)(typescript@5.9.3)
      '@solana/codecs-core': 6.0.1(typescript@5.9.3)
      '@solana/codecs-strings': 6.0.1(fastestsmallesttextencoderdecoder@1.0.22)(typescript@5.9.3)
      '@solana/errors': 6.0.1(typescript@5.9.3)
      '@solana/keys': 6.0.1(fastestsmallesttextencoderdecoder@1.0.22)(typescript@5.9.3)
      '@solana/rpc-parsed-types': 6.0.1(typescript@5.9.3)
      '@solana/rpc-spec': 6.0.1(typescript@5.9.3)
      '@solana/rpc-transformers': 6.0.1(fastestsmallesttextencoderdecoder@1.0.22)(typescript@5.9.3)
      '@solana/rpc-types': 6.0.1(fastestsmallesttextencoderdecoder@1.0.22)(typescript@5.9.3)
      '@solana/transaction-messages': 6.0.1(fastestsmallesttextencoderdecoder@1.0.22)(typescript@5.9.3)
      '@solana/transactions': 6.0.1(fastestsmallesttextencoderdecoder@1.0.22)(typescript@5.9.3)
    optionalDependencies:
      typescript: 5.9.3
    transitivePeerDependencies:
      - fastestsmallesttextencoderdecoder

  '@solana/rpc-parsed-types@6.0.1(typescript@5.9.3)':
    optionalDependencies:
      typescript: 5.9.3

  '@solana/rpc-spec-types@6.0.1(typescript@5.9.3)':
    optionalDependencies:
      typescript: 5.9.3

  '@solana/rpc-spec@6.0.1(typescript@5.9.3)':
    dependencies:
      '@solana/errors': 6.0.1(typescript@5.9.3)
      '@solana/rpc-spec-types': 6.0.1(typescript@5.9.3)
    optionalDependencies:
      typescript: 5.9.3

  '@solana/rpc-subscriptions-api@6.0.1(fastestsmallesttextencoderdecoder@1.0.22)(typescript@5.9.3)':
    dependencies:
      '@solana/addresses': 6.0.1(fastestsmallesttextencoderdecoder@1.0.22)(typescript@5.9.3)
      '@solana/keys': 6.0.1(fastestsmallesttextencoderdecoder@1.0.22)(typescript@5.9.3)
      '@solana/rpc-subscriptions-spec': 6.0.1(typescript@5.9.3)
      '@solana/rpc-transformers': 6.0.1(fastestsmallesttextencoderdecoder@1.0.22)(typescript@5.9.3)
      '@solana/rpc-types': 6.0.1(fastestsmallesttextencoderdecoder@1.0.22)(typescript@5.9.3)
      '@solana/transaction-messages': 6.0.1(fastestsmallesttextencoderdecoder@1.0.22)(typescript@5.9.3)
      '@solana/transactions': 6.0.1(fastestsmallesttextencoderdecoder@1.0.22)(typescript@5.9.3)
    optionalDependencies:
      typescript: 5.9.3
    transitivePeerDependencies:
      - fastestsmallesttextencoderdecoder

  '@solana/rpc-subscriptions-channel-websocket@6.0.1(typescript@5.9.3)':
    dependencies:
      '@solana/errors': 6.0.1(typescript@5.9.3)
      '@solana/functional': 6.0.1(typescript@5.9.3)
      '@solana/rpc-subscriptions-spec': 6.0.1(typescript@5.9.3)
      '@solana/subscribable': 6.0.1(typescript@5.9.3)
      ws: 8.19.0
    optionalDependencies:
      typescript: 5.9.3
    transitivePeerDependencies:
      - bufferutil
      - utf-8-validate

  '@solana/rpc-subscriptions-spec@6.0.1(typescript@5.9.3)':
    dependencies:
      '@solana/errors': 6.0.1(typescript@5.9.3)
      '@solana/promises': 6.0.1(typescript@5.9.3)
      '@solana/rpc-spec-types': 6.0.1(typescript@5.9.3)
      '@solana/subscribable': 6.0.1(typescript@5.9.3)
    optionalDependencies:
      typescript: 5.9.3

  '@solana/rpc-subscriptions@6.0.1(fastestsmallesttextencoderdecoder@1.0.22)(typescript@5.9.3)':
    dependencies:
      '@solana/errors': 6.0.1(typescript@5.9.3)
      '@solana/fast-stable-stringify': 6.0.1(typescript@5.9.3)
      '@solana/functional': 6.0.1(typescript@5.9.3)
      '@solana/promises': 6.0.1(typescript@5.9.3)
      '@solana/rpc-spec-types': 6.0.1(typescript@5.9.3)
      '@solana/rpc-subscriptions-api': 6.0.1(fastestsmallesttextencoderdecoder@1.0.22)(typescript@5.9.3)
      '@solana/rpc-subscriptions-channel-websocket': 6.0.1(typescript@5.9.3)
      '@solana/rpc-subscriptions-spec': 6.0.1(typescript@5.9.3)
      '@solana/rpc-transformers': 6.0.1(fastestsmallesttextencoderdecoder@1.0.22)(typescript@5.9.3)
      '@solana/rpc-types': 6.0.1(fastestsmallesttextencoderdecoder@1.0.22)(typescript@5.9.3)
      '@solana/subscribable': 6.0.1(typescript@5.9.3)
    optionalDependencies:
      typescript: 5.9.3
    transitivePeerDependencies:
      - bufferutil
      - fastestsmallesttextencoderdecoder
      - utf-8-validate

  '@solana/rpc-transformers@6.0.1(fastestsmallesttextencoderdecoder@1.0.22)(typescript@5.9.3)':
    dependencies:
      '@solana/errors': 6.0.1(typescript@5.9.3)
      '@solana/functional': 6.0.1(typescript@5.9.3)
      '@solana/nominal-types': 6.0.1(typescript@5.9.3)
      '@solana/rpc-spec-types': 6.0.1(typescript@5.9.3)
      '@solana/rpc-types': 6.0.1(fastestsmallesttextencoderdecoder@1.0.22)(typescript@5.9.3)
    optionalDependencies:
      typescript: 5.9.3
    transitivePeerDependencies:
      - fastestsmallesttextencoderdecoder

  '@solana/rpc-transport-http@6.0.1(typescript@5.9.3)':
    dependencies:
      '@solana/errors': 6.0.1(typescript@5.9.3)
      '@solana/rpc-spec': 6.0.1(typescript@5.9.3)
      '@solana/rpc-spec-types': 6.0.1(typescript@5.9.3)
      undici-types: 7.20.0
    optionalDependencies:
      typescript: 5.9.3

  '@solana/rpc-types@6.0.1(fastestsmallesttextencoderdecoder@1.0.22)(typescript@5.9.3)':
    dependencies:
      '@solana/addresses': 6.0.1(fastestsmallesttextencoderdecoder@1.0.22)(typescript@5.9.3)
      '@solana/codecs-core': 6.0.1(typescript@5.9.3)
      '@solana/codecs-numbers': 6.0.1(typescript@5.9.3)
      '@solana/codecs-strings': 6.0.1(fastestsmallesttextencoderdecoder@1.0.22)(typescript@5.9.3)
      '@solana/errors': 6.0.1(typescript@5.9.3)
      '@solana/nominal-types': 6.0.1(typescript@5.9.3)
    optionalDependencies:
      typescript: 5.9.3
    transitivePeerDependencies:
      - fastestsmallesttextencoderdecoder

  '@solana/rpc@6.0.1(fastestsmallesttextencoderdecoder@1.0.22)(typescript@5.9.3)':
    dependencies:
      '@solana/errors': 6.0.1(typescript@5.9.3)
      '@solana/fast-stable-stringify': 6.0.1(typescript@5.9.3)
      '@solana/functional': 6.0.1(typescript@5.9.3)
      '@solana/rpc-api': 6.0.1(fastestsmallesttextencoderdecoder@1.0.22)(typescript@5.9.3)
      '@solana/rpc-spec': 6.0.1(typescript@5.9.3)
      '@solana/rpc-spec-types': 6.0.1(typescript@5.9.3)
      '@solana/rpc-transformers': 6.0.1(fastestsmallesttextencoderdecoder@1.0.22)(typescript@5.9.3)
      '@solana/rpc-transport-http': 6.0.1(typescript@5.9.3)
      '@solana/rpc-types': 6.0.1(fastestsmallesttextencoderdecoder@1.0.22)(typescript@5.9.3)
    optionalDependencies:
      typescript: 5.9.3
    transitivePeerDependencies:
      - fastestsmallesttextencoderdecoder

  '@solana/signers@6.0.1(fastestsmallesttextencoderdecoder@1.0.22)(typescript@5.9.3)':
    dependencies:
      '@solana/addresses': 6.0.1(fastestsmallesttextencoderdecoder@1.0.22)(typescript@5.9.3)
      '@solana/codecs-core': 6.0.1(typescript@5.9.3)
      '@solana/errors': 6.0.1(typescript@5.9.3)
      '@solana/instructions': 6.0.1(typescript@5.9.3)
      '@solana/keys': 6.0.1(fastestsmallesttextencoderdecoder@1.0.22)(typescript@5.9.3)
      '@solana/nominal-types': 6.0.1(typescript@5.9.3)
      '@solana/offchain-messages': 6.0.1(fastestsmallesttextencoderdecoder@1.0.22)(typescript@5.9.3)
      '@solana/transaction-messages': 6.0.1(fastestsmallesttextencoderdecoder@1.0.22)(typescript@5.9.3)
      '@solana/transactions': 6.0.1(fastestsmallesttextencoderdecoder@1.0.22)(typescript@5.9.3)
    optionalDependencies:
      typescript: 5.9.3
    transitivePeerDependencies:
      - fastestsmallesttextencoderdecoder

  '@solana/subscribable@6.0.1(typescript@5.9.3)':
    dependencies:
      '@solana/errors': 6.0.1(typescript@5.9.3)
    optionalDependencies:
      typescript: 5.9.3

  '@solana/sysvars@6.0.1(fastestsmallesttextencoderdecoder@1.0.22)(typescript@5.9.3)':
    dependencies:
      '@solana/accounts': 6.0.1(fastestsmallesttextencoderdecoder@1.0.22)(typescript@5.9.3)
      '@solana/codecs': 6.0.1(fastestsmallesttextencoderdecoder@1.0.22)(typescript@5.9.3)
      '@solana/errors': 6.0.1(typescript@5.9.3)
      '@solana/rpc-types': 6.0.1(fastestsmallesttextencoderdecoder@1.0.22)(typescript@5.9.3)
    optionalDependencies:
      typescript: 5.9.3
    transitivePeerDependencies:
      - fastestsmallesttextencoderdecoder

  '@solana/transaction-confirmation@6.0.1(fastestsmallesttextencoderdecoder@1.0.22)(typescript@5.9.3)':
    dependencies:
      '@solana/addresses': 6.0.1(fastestsmallesttextencoderdecoder@1.0.22)(typescript@5.9.3)
      '@solana/codecs-strings': 6.0.1(fastestsmallesttextencoderdecoder@1.0.22)(typescript@5.9.3)
      '@solana/errors': 6.0.1(typescript@5.9.3)
      '@solana/keys': 6.0.1(fastestsmallesttextencoderdecoder@1.0.22)(typescript@5.9.3)
      '@solana/promises': 6.0.1(typescript@5.9.3)
      '@solana/rpc': 6.0.1(fastestsmallesttextencoderdecoder@1.0.22)(typescript@5.9.3)
      '@solana/rpc-subscriptions': 6.0.1(fastestsmallesttextencoderdecoder@1.0.22)(typescript@5.9.3)
      '@solana/rpc-types': 6.0.1(fastestsmallesttextencoderdecoder@1.0.22)(typescript@5.9.3)
      '@solana/transaction-messages': 6.0.1(fastestsmallesttextencoderdecoder@1.0.22)(typescript@5.9.3)
      '@solana/transactions': 6.0.1(fastestsmallesttextencoderdecoder@1.0.22)(typescript@5.9.3)
    optionalDependencies:
      typescript: 5.9.3
    transitivePeerDependencies:
      - bufferutil
      - fastestsmallesttextencoderdecoder
      - utf-8-validate

  '@solana/transaction-messages@6.0.1(fastestsmallesttextencoderdecoder@1.0.22)(typescript@5.9.3)':
    dependencies:
      '@solana/addresses': 6.0.1(fastestsmallesttextencoderdecoder@1.0.22)(typescript@5.9.3)
      '@solana/codecs-core': 6.0.1(typescript@5.9.3)
      '@solana/codecs-data-structures': 6.0.1(typescript@5.9.3)
      '@solana/codecs-numbers': 6.0.1(typescript@5.9.3)
      '@solana/errors': 6.0.1(typescript@5.9.3)
      '@solana/functional': 6.0.1(typescript@5.9.3)
      '@solana/instructions': 6.0.1(typescript@5.9.3)
      '@solana/nominal-types': 6.0.1(typescript@5.9.3)
      '@solana/rpc-types': 6.0.1(fastestsmallesttextencoderdecoder@1.0.22)(typescript@5.9.3)
    optionalDependencies:
      typescript: 5.9.3
    transitivePeerDependencies:
      - fastestsmallesttextencoderdecoder

  '@solana/transactions@6.0.1(fastestsmallesttextencoderdecoder@1.0.22)(typescript@5.9.3)':
    dependencies:
      '@solana/addresses': 6.0.1(fastestsmallesttextencoderdecoder@1.0.22)(typescript@5.9.3)
      '@solana/codecs-core': 6.0.1(typescript@5.9.3)
      '@solana/codecs-data-structures': 6.0.1(typescript@5.9.3)
      '@solana/codecs-numbers': 6.0.1(typescript@5.9.3)
      '@solana/codecs-strings': 6.0.1(fastestsmallesttextencoderdecoder@1.0.22)(typescript@5.9.3)
      '@solana/errors': 6.0.1(typescript@5.9.3)
      '@solana/functional': 6.0.1(typescript@5.9.3)
      '@solana/instructions': 6.0.1(typescript@5.9.3)
      '@solana/keys': 6.0.1(fastestsmallesttextencoderdecoder@1.0.22)(typescript@5.9.3)
      '@solana/nominal-types': 6.0.1(typescript@5.9.3)
      '@solana/rpc-types': 6.0.1(fastestsmallesttextencoderdecoder@1.0.22)(typescript@5.9.3)
      '@solana/transaction-messages': 6.0.1(fastestsmallesttextencoderdecoder@1.0.22)(typescript@5.9.3)
    optionalDependencies:
      typescript: 5.9.3
    transitivePeerDependencies:
      - fastestsmallesttextencoderdecoder

  chalk@5.6.2: {}

  commander@14.0.3: {}

  esbuild@0.27.2:
    optionalDependencies:
      '@esbuild/aix-ppc64': 0.27.2
      '@esbuild/android-arm': 0.27.2
      '@esbuild/android-arm64': 0.27.2
      '@esbuild/android-x64': 0.27.2
      '@esbuild/darwin-arm64': 0.27.2
      '@esbuild/darwin-x64': 0.27.2
      '@esbuild/freebsd-arm64': 0.27.2
      '@esbuild/freebsd-x64': 0.27.2
      '@esbuild/linux-arm': 0.27.2
      '@esbuild/linux-arm64': 0.27.2
      '@esbuild/linux-ia32': 0.27.2
      '@esbuild/linux-loong64': 0.27.2
      '@esbuild/linux-mips64el': 0.27.2
      '@esbuild/linux-ppc64': 0.27.2
      '@esbuild/linux-riscv64': 0.27.2
      '@esbuild/linux-s390x': 0.27.2
      '@esbuild/linux-x64': 0.27.2
      '@esbuild/netbsd-arm64': 0.27.2
      '@esbuild/netbsd-x64': 0.27.2
      '@esbuild/openbsd-arm64': 0.27.2
      '@esbuild/openbsd-x64': 0.27.2
      '@esbuild/openharmony-arm64': 0.27.2
      '@esbuild/sunos-x64': 0.27.2
      '@esbuild/win32-arm64': 0.27.2
      '@esbuild/win32-ia32': 0.27.2
      '@esbuild/win32-x64': 0.27.2

  fastestsmallesttextencoderdecoder@1.0.22:
    optional: true

  fsevents@2.3.3:
    optional: true

  get-tsconfig@4.13.1:
    dependencies:
      resolve-pkg-maps: 1.0.0

  resolve-pkg-maps@1.0.0: {}

  tsx@4.21.0:
    dependencies:
      esbuild: 0.27.2
      get-tsconfig: 4.13.1
    optionalDependencies:
      fsevents: 2.3.3

  typescript@5.9.3:
    optional: true

  undici-types@7.20.0: {}

  ws@8.19.0: {}
